
Microsoft Visual Studio Solution File, Format Version 12.00
# Visual Studio Version 16
VisualStudioVersion = 16.0.32510.428
MinimumVisualStudioVersion = 10.0.40219.1
Project("{9A19103F-16F7-4668-BE54-9A1E7A4F7556}") = "OlympiadManagementSystem", "OlympiadManagementSystem\OlympiadManagementSystem.csproj", "{D4AA24AF-8168-4BF5-B592-8C3BBB4C73E6}"
EndProject
Project("{9A19103F-16F7-4668-BE54-9A1E7A4F7556}") = "OlympiadManagement.Core", "OlympiadManagement.Core\OlympiadManagement.Core.csproj", "{334243CE-6AFE-4D6D-A6C3-749BCF58D8F9}"
EndProject
Project("{9A19103F-16F7-4668-BE54-9A1E7A4F7556}") = "OlympiadManagement.Application", "OlympiadManagement.Application\OlympiadManagement.Application.csproj", "{349C1A80-BE65-4984-8609-8CBF88E590D5}"
EndProject
Project("{9A19103F-16F7-4668-BE54-9A1E7A4F7556}") = "OlympiadManagement.Infrastructure", "OlympiadManagement.Infrastructure\OlympiadManagement.Infrastructure.csproj", "{53FAD162-324A-4FDC-B580-6BA64C1C32CD}"
EndProject
Global
	GlobalSection(SolutionConfigurationPlatforms) = preSolution
		Debug|Any CPU = Debug|Any CPU
		Release|Any CPU = Release|Any CPU
	EndGlobalSection
	GlobalSection(ProjectConfigurationPlatforms) = postSolution
		{D4AA24AF-8168-4BF5-B592-8C3BBB4C73E6}.Debug|Any CPU.ActiveCfg = Debug|Any CPU
		{D4AA24AF-8168-4BF5-B592-8C3BBB4C73E6}.Debug|Any CPU.Build.0 = Debug|Any CPU
		{D4AA24AF-8168-4BF5-B592-8C3BBB4C73E6}.Release|Any CPU.ActiveCfg = Release|Any CPU
		{D4AA24AF-8168-4BF5-B592-8C3BBB4C73E6}.Release|Any CPU.Build.0 = Release|Any CPU
		{334243CE-6AFE-4D6D-A6C3-749BCF58D8F9}.Debug|Any CPU.ActiveCfg = Debug|Any CPU
		{334243CE-6AFE-4D6D-A6C3-749BCF58D8F9}.Debug|Any CPU.Build.0 = Debug|Any CPU
		{334243CE-6AFE-4D6D-A6C3-749BCF58D8F9}.Release|Any CPU.ActiveCfg = Release|Any CPU
		{334243CE-6AFE-4D6D-A6C3-749BCF58D8F9}.Release|Any CPU.Build.0 = Release|Any CPU
		{349C1A80-BE65-4984-8609-8CBF88E590D5}.Debug|Any CPU.ActiveCfg = Debug|Any CPU
		{349C1A80-BE65-4984-8609-8CBF88E590D5}.Debug|Any CPU.Build.0 = Debug|Any CPU
		{349C1A80-BE65-4984-8609-8CBF88E590D5}.Release|Any CPU.ActiveCfg = Release|Any CPU
		{349C1A80-BE65-4984-8609-8CBF88E590D5}.Release|Any CPU.Build.0 = Release|Any CPU
		{53FAD162-324A-4FDC-B580-6BA64C1C32CD}.Debug|Any CPU.ActiveCfg = Debug|Any CPU
		{53FAD162-324A-4FDC-B580-6BA64C1C32CD}.Debug|Any CPU.Build.0 = Debug|Any CPU
		{53FAD162-324A-4FDC-B580-6BA64C1C32CD}.Release|Any CPU.ActiveCfg = Release|Any CPU
		{53FAD162-324A-4FDC-B580-6BA64C1C32CD}.Release|Any CPU.Build.0 = Release|Any CPU
	EndGlobalSection
	GlobalSection(SolutionProperties) = preSolution
		HideSolutionNode = FALSE
	EndGlobalSection
	GlobalSection(ExtensibilityGlobals) = postSolution
		SolutionGuid = {A35418E5-11C5-4900-AE63-723FD39C8B81}
	EndGlobalSection
EndGlobal
